
Microsoft Visual Studio Solution File, Format Version 12.00
# Visual Studio Version 16
VisualStudioVersion = 16.0.31911.196
MinimumVisualStudioVersion = 10.0.40219.1
Project("{FAE04EC0-301F-11D3-BF4B-00C04F79EFBC}") = "Inclass 5", "Inclass 5.csproj", "{4999977A-C551-460E-9AEB-5188416381B2}"
EndProject
Global
	GlobalSection(SolutionConfigurationPlatforms) = preSolution
		Debug|Any CPU = Debug|Any CPU
		Release|Any CPU = Release|Any CPU
	EndGlobalSection
	GlobalSection(ProjectConfigurationPlatforms) = postSolution
		{4999977A-C551-460E-9AEB-5188416381B2}.Debug|Any CPU.ActiveCfg = Debug|Any CPU
		{4999977A-C551-460E-9AEB-5188416381B2}.Debug|Any CPU.Build.0 = Debug|Any CPU
		{4999977A-C551-460E-9AEB-5188416381B2}.Release|Any CPU.ActiveCfg = Release|Any CPU
		{4999977A-C551-460E-9AEB-5188416381B2}.Release|Any CPU.Build.0 = Release|Any CPU
	EndGlobalSection
	GlobalSection(SolutionProperties) = preSolution
		HideSolutionNode = FALSE
	EndGlobalSection
	GlobalSection(ExtensibilityGlobals) = postSolution
		SolutionGuid = {88D0D8D2-9D97-4AF1-AF3B-48FDD012B370}
	EndGlobalSection
EndGlobal
